
Microsoft Visual Studio Solution File, Format Version 12.00
# Visual Studio 15
VisualStudioVersion = 15.0.27703.2047
MinimumVisualStudioVersion = 10.0.40219.1
Project("{FAE04EC0-301F-11D3-BF4B-00C04F79EFBC}") = "GuardiansOfTheCode", "GuardiansOfTheCode\GuardiansOfTheCode.csproj", "{FCD2F6E6-DE0D-4C16-928C-0C3506701B63}"
EndProject
Global
	GlobalSection(SolutionConfigurationPlatforms) = preSolution
		Debug|Any CPU = Debug|Any CPU
		Release|Any CPU = Release|Any CPU
	EndGlobalSection
	GlobalSection(ProjectConfigurationPlatforms) = postSolution
		{FCD2F6E6-DE0D-4C16-928C-0C3506701B63}.Debug|Any CPU.ActiveCfg = Debug|Any CPU
		{FCD2F6E6-DE0D-4C16-928C-0C3506701B63}.Debug|Any CPU.Build.0 = Debug|Any CPU
		{FCD2F6E6-DE0D-4C16-928C-0C3506701B63}.Release|Any CPU.ActiveCfg = Release|Any CPU
		{FCD2F6E6-DE0D-4C16-928C-0C3506701B63}.Release|Any CPU.Build.0 = Release|Any CPU
	EndGlobalSection
	GlobalSection(SolutionProperties) = preSolution
		HideSolutionNode = FALSE
	EndGlobalSection
	GlobalSection(ExtensibilityGlobals) = postSolution
		SolutionGuid = {0A51985A-6E14-429B-8280-0D0135B6F25F}
	EndGlobalSection
EndGlobal
